
Microsoft Visual Studio Solution File, Format Version 12.00
# Visual Studio Version 17
VisualStudioVersion = 17.4.33110.190
MinimumVisualStudioVersion = 10.0.40219.1
Project("{FAE04EC0-301F-11D3-BF4B-00C04F79EFBC}") = "HolaMundo", "HolaMundo\HolaMundo.csproj", "{7F2A0EB6-0C10-44F8-84C4-B08E79E46FEB}"
EndProject
Global
	GlobalSection(SolutionConfigurationPlatforms) = preSolution
		Debug|Any CPU = Debug|Any CPU
		Release|Any CPU = Release|Any CPU
	EndGlobalSection
	GlobalSection(ProjectConfigurationPlatforms) = postSolution
		{7F2A0EB6-0C10-44F8-84C4-B08E79E46FEB}.Debug|Any CPU.ActiveCfg = Debug|Any CPU
		{7F2A0EB6-0C10-44F8-84C4-B08E79E46FEB}.Debug|Any CPU.Build.0 = Debug|Any CPU
		{7F2A0EB6-0C10-44F8-84C4-B08E79E46FEB}.Release|Any CPU.ActiveCfg = Release|Any CPU
		{7F2A0EB6-0C10-44F8-84C4-B08E79E46FEB}.Release|Any CPU.Build.0 = Release|Any CPU
	EndGlobalSection
	GlobalSection(SolutionProperties) = preSolution
		HideSolutionNode = FALSE
	EndGlobalSection
	GlobalSection(ExtensibilityGlobals) = postSolution
		SolutionGuid = {08D805C7-7C7A-402C-85CC-2F8588B6AD02}
	EndGlobalSection
EndGlobal
